
Microsoft Visual Studio Solution File, Format Version 12.00
# Visual Studio Version 17
VisualStudioVersion = 17.8.34322.80
MinimumVisualStudioVersion = 10.0.40219.1
Project("{9A19103F-16F7-4668-BE54-9A1E7A4F7556}") = "MBClient", "MBClient.csproj", "{8138D9FF-B2CC-4301-9EA1-9B00F68415E9}"
EndProject
Global
	GlobalSection(SolutionConfigurationPlatforms) = preSolution
		Debug|Any CPU = Debug|Any CPU
		Release|Any CPU = Release|Any CPU
	EndGlobalSection
	GlobalSection(ProjectConfigurationPlatforms) = postSolution
		{8138D9FF-B2CC-4301-9EA1-9B00F68415E9}.Debug|Any CPU.ActiveCfg = Debug|Any CPU
		{8138D9FF-B2CC-4301-9EA1-9B00F68415E9}.Debug|Any CPU.Build.0 = Debug|Any CPU
		{8138D9FF-B2CC-4301-9EA1-9B00F68415E9}.Release|Any CPU.ActiveCfg = Release|Any CPU
		{8138D9FF-B2CC-4301-9EA1-9B00F68415E9}.Release|Any CPU.Build.0 = Release|Any CPU
	EndGlobalSection
	GlobalSection(SolutionProperties) = preSolution
		HideSolutionNode = FALSE
	EndGlobalSection
	GlobalSection(ExtensibilityGlobals) = postSolution
		SolutionGuid = {5FD0D863-8199-420D-8C05-8AF1F269D5E8}
	EndGlobalSection
EndGlobal
